Microsoft Visual Studio Solution File, Format Version 12.00
# Visual Studio Version 17
VisualStudioVersion = 17.5.2.0
MinimumVisualStudioVersion = 10.0.40219.1
Project("{FAE04EC0-301F-11D3-BF4B-00C04F79EFBC}") = "ExtraHours.API", "ExtraHours.API\ExtraHours.API.csproj", "{5F30CE25-8484-C54B-2CE4-193A35382B01}"
EndProject
Global
	GlobalSection(SolutionConfigurationPlatforms) = preSolution
		Debug|Any CPU = Debug|Any CPU
		Release|Any CPU = Release|Any CPU
	EndGlobalSection
	GlobalSection(ProjectConfigurationPlatforms) = postSolution
		{5F30CE25-8484-C54B-2CE4-193A35382B01}.Debug|Any CPU.ActiveCfg = Debug|Any CPU
		{5F30CE25-8484-C54B-2CE4-193A35382B01}.Debug|Any CPU.Build.0 = Debug|Any CPU
		{5F30CE25-8484-C54B-2CE4-193A35382B01}.Release|Any CPU.ActiveCfg = Release|Any CPU
		{5F30CE25-8484-C54B-2CE4-193A35382B01}.Release|Any CPU.Build.0 = Release|Any CPU
	EndGlobalSection
	GlobalSection(SolutionProperties) = preSolution
		HideSolutionNode = FALSE
	EndGlobalSection
	GlobalSection(ExtensibilityGlobals) = postSolution
		SolutionGuid = {EA2099F6-66FB-4FA1-9680-A81D6C07FC54}
	EndGlobalSection
EndGlobal
